{
  "version": "5",
  "specifiers": {
    "jsr:@std/assert@^1.0.10": "1.0.13",
    "jsr:@std/assert@^1.0.11": "1.0.13",
    "jsr:@std/expect@*": "1.0.13",
    "jsr:@std/internal@^1.0.5": "1.0.10",
    "jsr:@std/internal@^1.0.6": "1.0.10",
    "jsr:@std/testing@*": "1.0.9",
    "npm:@deno/kv@0.13.0": "0.13.0",
    "npm:@hono/node-server@^1.17.1": "1.17.1_hono@4.8.3",
    "npm:@types/node@*": "22.15.15",
    "npm:hono@^4.8.2": "4.8.3",
    "npm:serialize-javascript@^6.0.2": "6.0.2"
  },
  "jsr": {
    "@std/assert@1.0.13": {
      "integrity": "ae0d31e41919b12c656c742b22522c32fb26ed0cba32975cb0de2a273cb68b29",
      "dependencies": [
        "jsr:@std/internal@^1.0.6"
      ]
    },
    "@std/expect@1.0.13": {
      "integrity": "d8e236c7089cd9fcf5e6032f27dadc3db6349d0aee48c15bc71d717bca5baa42",
      "dependencies": [
        "jsr:@std/assert@^1.0.11",
        "jsr:@std/internal@^1.0.5"
      ]
    },
    "@std/internal@1.0.10": {
      "integrity": "e3be62ce42cab0e177c27698e5d9800122f67b766a0bea6ca4867886cbde8cf7"
    },
    "@std/testing@1.0.9": {
      "integrity": "9bdd4ac07cb13e7594ac30e90f6ceef7254ac83a9aeaa089be0008f33aab5cd4",
      "dependencies": [
        "jsr:@std/assert@^1.0.10",
        "jsr:@std/internal@^1.0.5"
      ]
    }
  },
  "npm": {
    "@deno/kv-darwin-arm64@0.13.0": {
      "integrity": "sha512-yKYaanxbT5xo/Vfempgt2klZVFf3P/dFYOkJqaerwBS020WLziJpjb9N5cmmT63btaT8dZX0df0a/xUH0INdQw==",
      "os": ["darwin"],
      "cpu": ["arm64"]
    },
    "@deno/kv-darwin-x64@0.13.0": {
      "integrity": "sha512-xDZF0boT0EabY92+VoArV0bHighpTVP5svKf6CYL/EuOxTHXXyOvkMlpPjWKTKv0F80gxxTGGowWIjMaMrAiUw==",
      "os": ["darwin"],
      "cpu": ["x64"]
    },
    "@deno/kv-linux-x64-gnu@0.13.0": {
      "integrity": "sha512-zDEG02D2FT2VkNpMKwt5umUdepb2VVxp0PRKSIgHoo6bIbSQGJ1SmtJYV/4QbdwRFBuZyitioOJpeG2OPZCd5Q==",
      "os": ["linux"],
      "cpu": ["x64"]
    },
    "@deno/kv-win32-x64-msvc@0.13.0": {
      "integrity": "sha512-yNAtCBc878WlMtnHZD0zjHx72+zJi5f/L7KmiW4rykunmv/5xLWZnOH49L05HWSRhIj2fxzL9slZPIayxfwUSg==",
      "os": ["win32"],
      "cpu": ["x64"]
    },
    "@deno/kv@0.13.0": {
      "integrity": "sha512-RO1zn9JFePB2kScM2zHBKeDRvdBK0PRsJwzN21hVuqzzmjrJeKgKdaojBElXavPknNqRzU4FsGCzuk93LuJawA==",
      "optionalDependencies": [
        "@deno/kv-darwin-arm64",
        "@deno/kv-darwin-x64",
        "@deno/kv-linux-x64-gnu",
        "@deno/kv-win32-x64-msvc"
      ]
    },
    "@hono/node-server@1.17.1_hono@4.8.3": {
      "integrity": "sha512-SY79W/C+2b1MyAzmIcV32Q47vO1b5XwLRwj8S9N6Jr5n1QCkIfAIH6umOSgqWZ4/v67hg6qq8Ha5vZonVidGsg==",
      "dependencies": [
        "hono"
      ]
    },
    "@types/node@22.15.15": {
      "integrity": "sha512-R5muMcZob3/Jjchn5LcO8jdKwSCbzqmPB6ruBxMcf9kbxtniZHP327s6C37iOfuw8mbKK3cAQa7sEl7afLrQ8A==",
      "dependencies": [
        "undici-types"
      ]
    },
    "hono@4.8.3": {
      "integrity": "sha512-jYZ6ZtfWjzBdh8H/0CIFfCBHaFL75k+KMzaM177hrWWm2TWL39YMYaJgB74uK/niRc866NMlH9B8uCvIo284WQ=="
    },
    "randombytes@2.1.0": {
      "integrity": "sha512-vYl3iOX+4CKUWuxGi9Ukhie6fsqXqS9FE2Zaic4tNFD2N2QQaXOMFbuKK4QmDHC0JO6B1Zp41J0LpT0oR68amQ==",
      "dependencies": [
        "safe-buffer"
      ]
    },
    "safe-buffer@5.2.1": {
      "integrity": "sha512-rp3So07KcdmmKbGvgaNxQSJr7bGVSVk5S9Eq1F+ppbRo70+YeaDxkw5Dd8NPN+GD6bjnYm2VuPuCXmpuYvmCXQ=="
    },
    "serialize-javascript@6.0.2": {
      "integrity": "sha512-Saa1xPByTTq2gdeFZYLLo+RFE35NHZkAbqZeWNd3BpzppeVisAqpDjcp8dyf6uIvEqJRd46jemmyA4iFIeVk8g==",
      "dependencies": [
        "randombytes"
      ]
    },
    "undici-types@6.21.0": {
      "integrity": "sha512-iwDZqg0QAGrg9Rav5H4n0M64c3mkR59cJ6wQp+7C4nI0gsmExaedaYLNO44eT4AtBBwjbTiGPMlt2Md0T9H9JQ=="
    }
  },
  "workspace": {
    "dependencies": [
      "jsr:@std/expect@*",
      "jsr:@std/testing@*",
      "npm:@deno/kv@0.13.0",
      "npm:@hono/node-server@^1.17.1",
      "npm:hono@^4.8.2",
      "npm:serialize-javascript@^6.0.2"
    ]
  }
}
